
Microsoft Visual Studio Solution File, Format Version 12.00
# Visual Studio Version 17
VisualStudioVersion = 17.6.33815.320
MinimumVisualStudioVersion = 10.0.40219.1
Project("{9A19103F-16F7-4668-BE54-9A1E7A4F7556}") = "TriageAPI", "src\TriageAPI\TriageAPI.csproj", "{B5C28F01-D148-4CD6-842E-510B98E007A3}"
EndProject
Project("{2150E333-8FDC-42A3-9474-1A3956D46DE8}") = "API", "API", "{6DA3B14D-B602-42E3-A643-920B337DD01D}"
EndProject
Project("{2150E333-8FDC-42A3-9474-1A3956D46DE8}") = "Core", "Core", "{3EFD9F1D-2D17-43E0-AE03-E37B012AB16B}"
EndProject
Project("{2150E333-8FDC-42A3-9474-1A3956D46DE8}") = "Worker", "Worker", "{D4F52325-97F4-4E45-9F8C-A86A32E515AA}"
EndProject
Project("{2150E333-8FDC-42A3-9474-1A3956D46DE8}") = "Solution Items", "Solution Items", "{6C7CC752-7EF4-4119-9376-0B1CDBE8F2C0}"
	ProjectSection(SolutionItems) = preProject
		.editorconfig = .editorconfig
		.gitignore = .gitignore
		application-template.md = application-template.md
		LICENSE = LICENSE
		README_MigrationDb.txt = README_MigrationDb.txt
	EndProjectSection
EndProject
Project("{9A19103F-16F7-4668-BE54-9A1E7A4F7556}") = "AggregatorPoolWorker", "src\AggregatorPoolWorker\AggregatorPoolWorker.csproj", "{FF76735E-F90B-461C-BEA7-EA566116604F}"
EndProject
Project("{9A19103F-16F7-4668-BE54-9A1E7A4F7556}") = "AggregatorPoolCore", "src\AggregatorPoolCore\AggregatorPoolCore.csproj", "{DE1E69D5-D214-4BED-8B69-09A83AB29802}"
EndProject
Project("{9A19103F-16F7-4668-BE54-9A1E7A4F7556}") = "TrackingChainCore", "src\TrackingChainCommon\TrackingChainCore.csproj", "{9FA229EF-1BFC-485A-B975-D2EF7C59E8DA}"
EndProject
Project("{9A19103F-16F7-4668-BE54-9A1E7A4F7556}") = "TransactionTriageCore", "src\TransactionTriageCore\TransactionTriageCore.csproj", "{C4DF50A4-0E93-4880-975D-909175206608}"
EndProject
Project("{9A19103F-16F7-4668-BE54-9A1E7A4F7556}") = "TransactionGeneratorWorker", "src\TransactionGeneratorWorker\TransactionGeneratorWorker.csproj", "{9BF7300A-CBB4-4489-9AAC-73AB459F6C65}"
EndProject
Project("{9A19103F-16F7-4668-BE54-9A1E7A4F7556}") = "TransactionGeneratorCore", "src\TransactionGeneratorCore\TransactionGeneratorCore.csproj", "{A09D41C4-5F97-4087-B638-C10B0815A9C3}"
EndProject
Project("{9A19103F-16F7-4668-BE54-9A1E7A4F7556}") = "TransactionWatcherWorker", "src\TransactionWatcherWorker\TransactionWatcherWorker.csproj", "{091C68AE-32F7-42C5-9C81-C59393FE568C}"
EndProject
Project("{9A19103F-16F7-4668-BE54-9A1E7A4F7556}") = "TransactionWatcherCore", "src\TransactionWatcherCore\TransactionWatcherCore.csproj", "{DE95D34C-31C3-483B-9FC4-0B372588247D}"
EndProject
Project("{E53339B2-1760-4266-BCC7-CA923CBCF16C}") = "docker-compose", "docker-compose.dcproj", "{06F3E3A3-41DA-477D-AAD0-F180ACAAAB54}"
EndProject
Project("{2150E333-8FDC-42A3-9474-1A3956D46DE8}") = "Front", "Front", "{A1E3A0BE-D756-471B-B2B9-DFF51851E99B}"
EndProject
Project("{9A19103F-16F7-4668-BE54-9A1E7A4F7556}") = "TriageWebApplication", "src\TriageWebApplication\TriageWebApplication.csproj", "{4D067C67-AC2A-43D9-AB08-658876F354F7}"
EndProject
Project("{2150E333-8FDC-42A3-9474-1A3956D46DE8}") = "Database_Seed_Test", "Database_Seed_Test", "{A4968876-1C42-42B9-B783-CDFE20362276}"
	ProjectSection(SolutionItems) = preProject
		Sql_Seed_Database_Test.sql = Sql_Seed_Database_Test.sql
		Sql_Seed_Database_Test_WithKey.sql = Sql_Seed_Database_Test_WithKey.sql
	EndProjectSection
EndProject
Global
	GlobalSection(SolutionConfigurationPlatforms) = preSolution
		Debug|Any CPU = Debug|Any CPU
		Release|Any CPU = Release|Any CPU
	EndGlobalSection
	GlobalSection(ProjectConfigurationPlatforms) = postSolution
		{B5C28F01-D148-4CD6-842E-510B98E007A3}.Debug|Any CPU.ActiveCfg = Debug|Any CPU
		{B5C28F01-D148-4CD6-842E-510B98E007A3}.Debug|Any CPU.Build.0 = Debug|Any CPU
		{B5C28F01-D148-4CD6-842E-510B98E007A3}.Release|Any CPU.ActiveCfg = Release|Any CPU
		{B5C28F01-D148-4CD6-842E-510B98E007A3}.Release|Any CPU.Build.0 = Release|Any CPU
		{FF76735E-F90B-461C-BEA7-EA566116604F}.Debug|Any CPU.ActiveCfg = Debug|Any CPU
		{FF76735E-F90B-461C-BEA7-EA566116604F}.Debug|Any CPU.Build.0 = Debug|Any CPU
		{FF76735E-F90B-461C-BEA7-EA566116604F}.Release|Any CPU.ActiveCfg = Release|Any CPU
		{FF76735E-F90B-461C-BEA7-EA566116604F}.Release|Any CPU.Build.0 = Release|Any CPU
		{DE1E69D5-D214-4BED-8B69-09A83AB29802}.Debug|Any CPU.ActiveCfg = Debug|Any CPU
		{DE1E69D5-D214-4BED-8B69-09A83AB29802}.Debug|Any CPU.Build.0 = Debug|Any CPU
		{DE1E69D5-D214-4BED-8B69-09A83AB29802}.Release|Any CPU.ActiveCfg = Release|Any CPU
		{DE1E69D5-D214-4BED-8B69-09A83AB29802}.Release|Any CPU.Build.0 = Release|Any CPU
		{9FA229EF-1BFC-485A-B975-D2EF7C59E8DA}.Debug|Any CPU.ActiveCfg = Debug|Any CPU
		{9FA229EF-1BFC-485A-B975-D2EF7C59E8DA}.Debug|Any CPU.Build.0 = Debug|Any CPU
		{9FA229EF-1BFC-485A-B975-D2EF7C59E8DA}.Release|Any CPU.ActiveCfg = Release|Any CPU
		{9FA229EF-1BFC-485A-B975-D2EF7C59E8DA}.Release|Any CPU.Build.0 = Release|Any CPU
		{C4DF50A4-0E93-4880-975D-909175206608}.Debug|Any CPU.ActiveCfg = Debug|Any CPU
		{C4DF50A4-0E93-4880-975D-909175206608}.Debug|Any CPU.Build.0 = Debug|Any CPU
		{C4DF50A4-0E93-4880-975D-909175206608}.Release|Any CPU.ActiveCfg = Release|Any CPU
		{C4DF50A4-0E93-4880-975D-909175206608}.Release|Any CPU.Build.0 = Release|Any CPU
		{9BF7300A-CBB4-4489-9AAC-73AB459F6C65}.Debug|Any CPU.ActiveCfg = Debug|Any CPU
		{9BF7300A-CBB4-4489-9AAC-73AB459F6C65}.Debug|Any CPU.Build.0 = Debug|Any CPU
		{9BF7300A-CBB4-4489-9AAC-73AB459F6C65}.Release|Any CPU.ActiveCfg = Release|Any CPU
		{9BF7300A-CBB4-4489-9AAC-73AB459F6C65}.Release|Any CPU.Build.0 = Release|Any CPU
		{A09D41C4-5F97-4087-B638-C10B0815A9C3}.Debug|Any CPU.ActiveCfg = Debug|Any CPU
		{A09D41C4-5F97-4087-B638-C10B0815A9C3}.Debug|Any CPU.Build.0 = Debug|Any CPU
		{A09D41C4-5F97-4087-B638-C10B0815A9C3}.Release|Any CPU.ActiveCfg = Release|Any CPU
		{A09D41C4-5F97-4087-B638-C10B0815A9C3}.Release|Any CPU.Build.0 = Release|Any CPU
		{091C68AE-32F7-42C5-9C81-C59393FE568C}.Debug|Any CPU.ActiveCfg = Debug|Any CPU
		{091C68AE-32F7-42C5-9C81-C59393FE568C}.Debug|Any CPU.Build.0 = Debug|Any CPU
		{091C68AE-32F7-42C5-9C81-C59393FE568C}.Release|Any CPU.ActiveCfg = Release|Any CPU
		{091C68AE-32F7-42C5-9C81-C59393FE568C}.Release|Any CPU.Build.0 = Release|Any CPU
		{DE95D34C-31C3-483B-9FC4-0B372588247D}.Debug|Any CPU.ActiveCfg = Debug|Any CPU
		{DE95D34C-31C3-483B-9FC4-0B372588247D}.Debug|Any CPU.Build.0 = Debug|Any CPU
		{DE95D34C-31C3-483B-9FC4-0B372588247D}.Release|Any CPU.ActiveCfg = Release|Any CPU
		{DE95D34C-31C3-483B-9FC4-0B372588247D}.Release|Any CPU.Build.0 = Release|Any CPU
		{06F3E3A3-41DA-477D-AAD0-F180ACAAAB54}.Debug|Any CPU.ActiveCfg = Debug|Any CPU
		{06F3E3A3-41DA-477D-AAD0-F180ACAAAB54}.Debug|Any CPU.Build.0 = Debug|Any CPU
		{06F3E3A3-41DA-477D-AAD0-F180ACAAAB54}.Release|Any CPU.ActiveCfg = Release|Any CPU
		{06F3E3A3-41DA-477D-AAD0-F180ACAAAB54}.Release|Any CPU.Build.0 = Release|Any CPU
		{4D067C67-AC2A-43D9-AB08-658876F354F7}.Debug|Any CPU.ActiveCfg = Debug|Any CPU
		{4D067C67-AC2A-43D9-AB08-658876F354F7}.Debug|Any CPU.Build.0 = Debug|Any CPU
		{4D067C67-AC2A-43D9-AB08-658876F354F7}.Release|Any CPU.ActiveCfg = Release|Any CPU
		{4D067C67-AC2A-43D9-AB08-658876F354F7}.Release|Any CPU.Build.0 = Release|Any CPU
	EndGlobalSection
	GlobalSection(SolutionProperties) = preSolution
		HideSolutionNode = FALSE
	EndGlobalSection
	GlobalSection(NestedProjects) = preSolution
		{B5C28F01-D148-4CD6-842E-510B98E007A3} = {6DA3B14D-B602-42E3-A643-920B337DD01D}
		{FF76735E-F90B-461C-BEA7-EA566116604F} = {D4F52325-97F4-4E45-9F8C-A86A32E515AA}
		{DE1E69D5-D214-4BED-8B69-09A83AB29802} = {3EFD9F1D-2D17-43E0-AE03-E37B012AB16B}
		{9FA229EF-1BFC-485A-B975-D2EF7C59E8DA} = {3EFD9F1D-2D17-43E0-AE03-E37B012AB16B}
		{C4DF50A4-0E93-4880-975D-909175206608} = {3EFD9F1D-2D17-43E0-AE03-E37B012AB16B}
		{9BF7300A-CBB4-4489-9AAC-73AB459F6C65} = {D4F52325-97F4-4E45-9F8C-A86A32E515AA}
		{A09D41C4-5F97-4087-B638-C10B0815A9C3} = {3EFD9F1D-2D17-43E0-AE03-E37B012AB16B}
		{091C68AE-32F7-42C5-9C81-C59393FE568C} = {D4F52325-97F4-4E45-9F8C-A86A32E515AA}
		{DE95D34C-31C3-483B-9FC4-0B372588247D} = {3EFD9F1D-2D17-43E0-AE03-E37B012AB16B}
		{4D067C67-AC2A-43D9-AB08-658876F354F7} = {A1E3A0BE-D756-471B-B2B9-DFF51851E99B}
		{A4968876-1C42-42B9-B783-CDFE20362276} = {6C7CC752-7EF4-4119-9376-0B1CDBE8F2C0}
	EndGlobalSection
	GlobalSection(ExtensibilityGlobals) = postSolution
		SolutionGuid = {49D58F03-0A69-4F81-BB36-8910F2366114}
	EndGlobalSection
EndGlobal
